
Microsoft Visual Studio Solution File, Format Version 12.00
# Visual Studio Version 17
VisualStudioVersion = 17.1.32328.378
MinimumVisualStudioVersion = 10.0.40219.1
Project("{FAE04EC0-301F-11D3-BF4B-00C04F79EFBC}") = "EngTextToNum", "EngTextToNum\EngTextToNum.csproj", "{69C0F8FA-1023-41A5-B2C3-62185131F7AE}"
EndProject
Project("{FAE04EC0-301F-11D3-BF4B-00C04F79EFBC}") = "EngTextToNum.Tests", "EngTextToNum.Tests\EngTextToNum.Tests.csproj", "{21A266E3-1BC4-4F01-84F8-5B4F4E70C3DF}"
EndProject
Global
	GlobalSection(SolutionConfigurationPlatforms) = preSolution
		Debug|Any CPU = Debug|Any CPU
		Release|Any CPU = Release|Any CPU
	EndGlobalSection
	GlobalSection(ProjectConfigurationPlatforms) = postSolution
		{69C0F8FA-1023-41A5-B2C3-62185131F7AE}.Debug|Any CPU.ActiveCfg = Debug|Any CPU
		{69C0F8FA-1023-41A5-B2C3-62185131F7AE}.Debug|Any CPU.Build.0 = Debug|Any CPU
		{69C0F8FA-1023-41A5-B2C3-62185131F7AE}.Release|Any CPU.ActiveCfg = Release|Any CPU
		{69C0F8FA-1023-41A5-B2C3-62185131F7AE}.Release|Any CPU.Build.0 = Release|Any CPU
		{21A266E3-1BC4-4F01-84F8-5B4F4E70C3DF}.Debug|Any CPU.ActiveCfg = Debug|Any CPU
		{21A266E3-1BC4-4F01-84F8-5B4F4E70C3DF}.Debug|Any CPU.Build.0 = Debug|Any CPU
		{21A266E3-1BC4-4F01-84F8-5B4F4E70C3DF}.Release|Any CPU.ActiveCfg = Release|Any CPU
		{21A266E3-1BC4-4F01-84F8-5B4F4E70C3DF}.Release|Any CPU.Build.0 = Release|Any CPU
	EndGlobalSection
	GlobalSection(SolutionProperties) = preSolution
		HideSolutionNode = FALSE
	EndGlobalSection
	GlobalSection(ExtensibilityGlobals) = postSolution
		SolutionGuid = {7B2A0333-AEF8-43C2-9B27-21236A62845E}
	EndGlobalSection
EndGlobal
